
Microsoft Visual Studio Solution File, Format Version 12.00
Project("{FAE04EC0-301F-11D3-BF4B-00C04F79EFBC}") = "MeuApp", "MeuApp\MeuApp.csproj", "{CED89C7E-ED47-4FAB-A979-2602DCAE2A53}"
EndProject
Global
	GlobalSection(SolutionConfigurationPlatforms) = preSolution
		Debug|Any CPU = Debug|Any CPU
		Release|Any CPU = Release|Any CPU
	EndGlobalSection
	GlobalSection(ProjectConfigurationPlatforms) = postSolution
		{CED89C7E-ED47-4FAB-A979-2602DCAE2A53}.Debug|Any CPU.ActiveCfg = Debug|Any CPU
		{CED89C7E-ED47-4FAB-A979-2602DCAE2A53}.Debug|Any CPU.Build.0 = Debug|Any CPU
		{CED89C7E-ED47-4FAB-A979-2602DCAE2A53}.Release|Any CPU.ActiveCfg = Release|Any CPU
		{CED89C7E-ED47-4FAB-A979-2602DCAE2A53}.Release|Any CPU.Build.0 = Release|Any CPU
	EndGlobalSection
EndGlobal
